
Microsoft Visual Studio Solution File, Format Version 12.00
# Visual Studio Version 16
VisualStudioVersion = 16.0.30011.22
MinimumVisualStudioVersion = 10.0.40219.1
Project("{FAE04EC0-301F-11D3-BF4B-00C04F79EFBC}") = "DynamicSolution", "DynamicSolution.csproj", "{DE9B4354-45F5-45E5-AB02-4FB125A184AD}"
EndProject
Global
	GlobalSection(SolutionConfigurationPlatforms) = preSolution
		Debug|Any CPU = Debug|Any CPU
		Release|Any CPU = Release|Any CPU
	EndGlobalSection
	GlobalSection(ProjectConfigurationPlatforms) = postSolution
		{DE9B4354-45F5-45E5-AB02-4FB125A184AD}.Debug|Any CPU.ActiveCfg = Debug|Any CPU
		{DE9B4354-45F5-45E5-AB02-4FB125A184AD}.Debug|Any CPU.Build.0 = Debug|Any CPU
		{DE9B4354-45F5-45E5-AB02-4FB125A184AD}.Release|Any CPU.ActiveCfg = Release|Any CPU
		{DE9B4354-45F5-45E5-AB02-4FB125A184AD}.Release|Any CPU.Build.0 = Release|Any CPU
	EndGlobalSection
	GlobalSection(SolutionProperties) = preSolution
		HideSolutionNode = FALSE
	EndGlobalSection
	GlobalSection(ExtensibilityGlobals) = postSolution
		SolutionGuid = {009CB935-ADDE-439E-A1CC-DCE92CAE0A16}
	EndGlobalSection
EndGlobal
